
Microsoft Visual Studio Solution File, Format Version 12.00
# Visual Studio 15
Project("{FAE04EC0-301F-11D3-BF4B-00C04F79EFBC}") = "Assembly-CSharp", "Assembly-CSharp.csproj", "{02E21F19-9E29-8460-EC09-37AF8581B50D}"
EndProject
Project("{FAE04EC0-301F-11D3-BF4B-00C04F79EFBC}") = "Assembly-CSharp-Editor", "Assembly-CSharp-Editor.csproj", "{D17E5684-006F-8BED-1BE4-C4D71C0C9A51}"
EndProject
Global
	GlobalSection(SolutionConfigurationPlatforms) = preSolution
		Debug|Any CPU = Debug|Any CPU
		Release|Any CPU = Release|Any CPU
	EndGlobalSection
	GlobalSection(ProjectConfigurationPlatforms) = postSolution
		{02E21F19-9E29-8460-EC09-37AF8581B50D}.Debug|Any CPU.ActiveCfg = Debug|Any CPU
		{02E21F19-9E29-8460-EC09-37AF8581B50D}.Debug|Any CPU.Build.0 = Debug|Any CPU
		{02E21F19-9E29-8460-EC09-37AF8581B50D}.Release|Any CPU.ActiveCfg = Release|Any CPU
		{02E21F19-9E29-8460-EC09-37AF8581B50D}.Release|Any CPU.Build.0 = Release|Any CPU
		{D17E5684-006F-8BED-1BE4-C4D71C0C9A51}.Debug|Any CPU.ActiveCfg = Debug|Any CPU
		{D17E5684-006F-8BED-1BE4-C4D71C0C9A51}.Debug|Any CPU.Build.0 = Debug|Any CPU
		{D17E5684-006F-8BED-1BE4-C4D71C0C9A51}.Release|Any CPU.ActiveCfg = Release|Any CPU
		{D17E5684-006F-8BED-1BE4-C4D71C0C9A51}.Release|Any CPU.Build.0 = Release|Any CPU
	EndGlobalSection
	GlobalSection(SolutionProperties) = preSolution
		HideSolutionNode = FALSE
	EndGlobalSection
EndGlobal
